// !$*UTF8*$!
{
	archiveVersion = 1;
	classes = {
	};
	objectVersion = 56;
	objects = {

/* Begin PBXBuildFile section */
		2C3B46A42C2F072D002D1870 /* HomeworkApp.swift in Sources */ = {isa = PBXBuildFile; fileRef = 2C3B46A32C2F072D002D1870 /* HomeworkApp.swift */; };
		2C3B46A62C2F072D002D1870 /* ContentView.swift in Sources */ = {isa = PBXBuildFile; fileRef = 2C3B46A52C2F072D002D1870 /* ContentView.swift */; };
		2C3B46A82C2F072E002D1870 /* Assets.xcassets in Resources */ = {isa = PBXBuildFile; fileRef = 2C3B46A72C2F072E002D1870 /* Assets.xcassets */; };
		2C3B46AB2C2F072E002D1870 /* Preview Assets.xcassets in Resources */ = {isa = PBXBuildFile; fileRef = 2C3B46AA2C2F072E002D1870 /* Preview Assets.xcassets */; };
		2C3B46B52C2F072E002D1870 /* HomeworkTests.swift in Sources */ = {isa = PBXBuildFile; fileRef = 2C3B46B42C2F072E002D1870 /* HomeworkTests.swift */; };
		2C3B46BF2C2F072E002D1870 /* HomeworkUITests.swift in Sources */ = {isa = PBXBuildFile; fileRef = 2C3B46BE2C2F072E002D1870 /* HomeworkUITests.swift */; };
		2C3B46C12C2F072E002D1870 /* HomeworkUITestsLaunchTests.swift in Sources */ = {isa = PBXBuildFile; fileRef = 2C3B46C02C2F072E002D1870 /* HomeworkUITestsLaunchTests.swift */; };
/* End PBXBuildFile section */

/* Begin PBXContainerItemProxy section */
		2C3B46B12C2F072E002D1870 /* PBXContainerItemProxy */ = {
			isa = PBXContainerItemProxy;
			containerPortal = 2C3B46982C2F072D002D1870 /* Project object */;
			proxyType = 1;
			remoteGlobalIDString = 2C3B469F2C2F072D002D1870;
			remoteInfo = Homework;
		};
		2C3B46BB2C2F072E002D1870 /* PBXContainerItemProxy */ = {
			isa = PBXContainerItemProxy;
			containerPortal = 2C3B46982C2F072D002D1870 /* Project object */;
			proxyType = 1;
			remoteGlobalIDString = 2C3B469F2C2F072D002D1870;
			remoteInfo = Homework;
		};
/* End PBXContainerItemProxy section */

/* Begin PBXFileReference section */
		2C3B46A02C2F072D002D1870 /* Homework.app */ = {isa = PBXFileReference; explicitFileType = wrapper.application; includeInIndex = 0; path = Homework.app; sourceTree = BUILT_PRODUCTS_DIR; };
		2C3B46A32C2F072D002D1870 /* HomeworkApp.swift */ = {isa = PBXFileReference; lastKnownFileType = sourcecode.swift; path = HomeworkApp.swift; sourceTree = "<group>"; };
		2C3B46A52C2F072D002D1870 /* ContentView.swift */ = {isa = PBXFileReference; lastKnownFileType = sourcecode.swift; path = ContentView.swift; sourceTree = "<group>"; };
		2C3B46A72C2F072E002D1870 /* Assets.xcassets */ = {isa = PBXFileReference; lastKnownFileType = folder.assetcatalog; path = Assets.xcassets; sourceTree = "<group>"; };
		2C3B46AA2C2F072E002D1870 /* Preview Assets.xcassets */ = {isa = PBXFileReference; lastKnownFileType = folder.assetcatalog; path = "Preview Assets.xcassets"; sourceTree = "<group>"; };
		2C3B46B02C2F072E002D1870 /* HomeworkTests.xctest */ = {isa = PBXFileReference; explicitFileType = wrapper.cfbundle; includeInIndex = 0; path = HomeworkTests.xctest; sourceTree = BUILT_PRODUCTS_DIR; };
		2C3B46B42C2F072E002D1870 /* HomeworkTests.swift */ = {isa = PBXFileReference; lastKnownFileType = sourcecode.swift; path = HomeworkTests.swift; sourceTree = "<group>"; };
		2C3B46BA2C2F072E002D1870 /* HomeworkUITests.xctest */ = {isa = PBXFileReference; explicitFileType = wrapper.cfbundle; includeInIndex = 0; path = HomeworkUITests.xctest; sourceTree = BUILT_PRODUCTS_DIR; };
		2C3B46BE2C2F072E002D1870 /* HomeworkUITests.swift */ = {isa = PBXFileReference; lastKnownFileType = sourcecode.swift; path = HomeworkUITests.swift; sourceTree = "<group>"; };
		2C3B46C02C2F072E002D1870 /* HomeworkUITestsLaunchTests.swift */ = {isa = PBXFileReference; lastKnownFileType = sourcecode.swift; path = HomeworkUITestsLaunchTests.swift; sourceTree = "<group>"; };
/* End PBXFileReference section */

/* Begin PBXFrameworksBuildPhase section */
		2C3B469D2C2F072D002D1870 /* Frameworks */ = {
			isa = PBXFrameworksBuildPhase;
			buildActionMask = 2147483647;
			files = (
			);
			runOnlyForDeploymentPostprocessing = 0;
		};
		2C3B46AD2C2F072E002D1870 /* Frameworks */ = {
			isa = PBXFrameworksBuildPhase;
			buildActionMask = 2147483647;
			files = (
			);
			runOnlyForDeploymentPostprocessing = 0;
		};
		2C3B46B72C2F072E002D1870 /* Frameworks */ = {
			isa = PBXFrameworksBuildPhase;
			buildActionMask = 2147483647;
			files = (
			);
			runOnlyForDeploymentPostprocessing = 0;
		};
/* End PBXFrameworksBuildPhase section */

/* Begin PBXGroup section */
		2C3B46972C2F072D002D1870 = {
			isa = PBXGroup;
			children = (
				2C3B46A22C2F072D002D1870 /* Homework */,
				2C3B46B32C2F072E002D1870 /* HomeworkTests */,
				2C3B46BD2C2F072E002D1870 /* HomeworkUITests */,
				2C3B46A12C2F072D002D1870 /* Products */,
			);
			sourceTree = "<group>";
		};
		2C3B46A12C2F072D002D1870 /* Products */ = {
			isa = PBXGroup;
			children = (
				2C3B46A02C2F072D002D1870 /* Homework.app */,
				2C3B46B02C2F072E002D1870 /* HomeworkTests.xctest */,
				2C3B46BA2C2F072E002D1870 /* HomeworkUITests.xctest */,
			);
			name = Products;
			sourceTree = "<group>";
		};
		2C3B46A22C2F072D002D1870 /* Homework */ = {
			isa = PBXGroup;
			children = (
				2C3B46A32C2F072D002D1870 /* HomeworkApp.swift */,
				2C3B46A52C2F072D002D1870 /* ContentView.swift */,
				2C3B46A72C2F072E002D1870 /* Assets.xcassets */,
				2C3B46A92C2F072E002D1870 /* Preview Content */,
			);
			path = Homework;
			sourceTree = "<group>";
		};
		2C3B46A92C2F072E002D1870 /* Preview Content */ = {
			isa = PBXGroup;
			children = (
				2C3B46AA2C2F072E002D1870 /* Preview Assets.xcassets */,
			);
			path = "Preview Content";
			sourceTree = "<group>";
		};
		2C3B46B32C2F072E002D1870 /* HomeworkTests */ = {
			isa = PBXGroup;
			children = (
				2C3B46B42C2F072E002D1870 /* HomeworkTests.swift */,
			);
			path = HomeworkTests;
			sourceTree = "<group>";
		};
		2C3B46BD2C2F072E002D1870 /* HomeworkUITests */ = {
			isa = PBXGroup;
			children = (
				2C3B46BE2C2F072E002D1870 /* HomeworkUITests.swift */,
				2C3B46C02C2F072E002D1870 /* HomeworkUITestsLaunchTests.swift */,
			);
			path = HomeworkUITests;
			sourceTree = "<group>";
		};
/* End PBXGroup section */

/* Begin PBXNativeTarget section */
		2C3B469F2C2F072D002D1870 /* Homework */ = {
			isa = PBXNativeTarget;
			buildConfigurationList = 2C3B46C42C2F072E002D1870 /* Build configuration list for PBXNativeTarget "Homework" */;
			buildPhases = (
				2C3B469C2C2F072D002D1870 /* Sources */,
				2C3B469D2C2F072D002D1870 /* Frameworks */,
				2C3B469E2C2F072D002D1870 /* Resources */,
			);
			buildRules = (
			);
			dependencies = (
			);
			name = Homework;
			productName = Homework;
			productReference = 2C3B46A02C2F072D002D1870 /* Homework.app */;
			productType = "com.apple.product-type.application";
		};
		2C3B46AF2C2F072E002D1870 /* HomeworkTests */ = {
			isa = PBXNativeTarget;
			buildConfigurationList = 2C3B46C72C2F072E002D1870 /* Build configuration list for PBXNativeTarget "HomeworkTests" */;
			buildPhases = (
				2C3B46AC2C2F072E002D1870 /* Sources */,
				2C3B46AD2C2F072E002D1870 /* Frameworks */,
				2C3B46AE2C2F072E002D1870 /* Resources */,
			);
			buildRules = (
			);
			dependencies = (
				2C3B46B22C2F072E002D1870 /* PBXTargetDependency */,
			);
			name = HomeworkTests;
			productName = HomeworkTests;
			productReference = 2C3B46B02C2F072E002D1870 /* HomeworkTests.xctest */;
			productType = "com.apple.product-type.bundle.unit-test";
		};
		2C3B46B92C2F072E002D1870 /* HomeworkUITests */ = {
			isa = PBXNativeTarget;
			buildConfigurationList = 2C3B46CA2C2F072E002D1870 /* Build configuration list for PBXNativeTarget "HomeworkUITests" */;
			buildPhases = (
				2C3B46B62C2F072E002D1870 /* Sources */,
				2C3B46B72C2F072E002D1870 /* Frameworks */,
				2C3B46B82C2F072E002D1870 /* Resources */,
			);
			buildRules = (
			);
			dependencies = (
				2C3B46BC2C2F072E002D1870 /* PBXTargetDependency */,
			);
			name = HomeworkUITests;
			productName = HomeworkUITests;
			productReference = 2C3B46BA2C2F072E002D1870 /* HomeworkUITests.xctest */;
			productType = "com.apple.product-type.bundle.ui-testing";
		};
/* End PBXNativeTarget section */

/* Begin PBXProject section */
		2C3B46982C2F072D002D1870 /* Project object */ = {
			isa = PBXProject;
			attributes = {
				BuildIndependentTargetsInParallel = 1;
				LastSwiftUpdateCheck = 1540;
				LastUpgradeCheck = 1540;
				TargetAttributes = {
					2C3B469F2C2F072D002D1870 = {
						CreatedOnToolsVersion = 15.4;
					};
					2C3B46AF2C2F072E002D1870 = {
						CreatedOnToolsVersion = 15.4;
						TestTargetID = 2C3B469F2C2F072D002D1870;
					};
					2C3B46B92C2F072E002D1870 = {
						CreatedOnToolsVersion = 15.4;
						TestTargetID = 2C3B469F2C2F072D002D1870;
					};
				};
			};
			buildConfigurationList = 2C3B469B2C2F072D002D1870 /* Build configuration list for PBXProject "Homework" */;
			compatibilityVersion = "Xcode 14.0";
			developmentRegion = en;
			hasScannedForEncodings = 0;
			knownRegions = (
				en,
				Base,
			);
			mainGroup = 2C3B46972C2F072D002D1870;
			productRefGroup = 2C3B46A12C2F072D002D1870 /* Products */;
			projectDirPath = "";
			projectRoot = "";
			targets = (
				2C3B469F2C2F072D002D1870 /* Homework */,
				2C3B46AF2C2F072E002D1870 /* HomeworkTests */,
				2C3B46B92C2F072E002D1870 /* HomeworkUITests */,
			);
		};
/* End PBXProject section */

/* Begin PBXResourcesBuildPhase section */
		2C3B469E2C2F072D002D1870 /* Resources */ = {
			isa = PBXResourcesBuildPhase;
			buildActionMask = 2147483647;
			files = (
				2C3B46AB2C2F072E002D1870 /* Preview Assets.xcassets in Resources */,
				2C3B46A82C2F072E002D1870 /* Assets.xcassets in Resources */,
			);
			runOnlyForDeploymentPostprocessing = 0;
		};
		2C3B46AE2C2F072E002D1870 /* Resources */ = {
			isa = PBXResourcesBuildPhase;
			buildActionMask = 2147483647;
			files = (
			);
			runOnlyForDeploymentPostprocessing = 0;
		};
		2C3B46B82C2F072E002D1870 /* Resources */ = {
			isa = PBXResourcesBuildPhase;
			buildActionMask = 2147483647;
			files = (
			);
			runOnlyForDeploymentPostprocessing = 0;
		};
/* End PBXResourcesBuildPhase section */

/* Begin PBXSourcesBuildPhase section */
		2C3B469C2C2F072D002D1870 /* Sources */ = {
			isa = PBXSourcesBuildPhase;
			buildActionMask = 2147483647;
			files = (
				2C3B46A62C2F072D002D1870 /* ContentView.swift in Sources */,
				2C3B46A42C2F072D002D1870 /* HomeworkApp.swift in Sources */,
			);
			runOnlyForDeploymentPostprocessing = 0;
		};
		2C3B46AC2C2F072E002D1870 /* Sources */ = {
			isa = PBXSourcesBuildPhase;
			buildActionMask = 2147483647;
			files = (
				2C3B46B52C2F072E002D1870 /* HomeworkTests.swift in Sources */,
			);
			runOnlyForDeploymentPostprocessing = 0;
		};
		2C3B46B62C2F072E002D1870 /* Sources */ = {
			isa = PBXSourcesBuildPhase;
			buildActionMask = 2147483647;
			files = (
				2C3B46C12C2F072E002D1870 /* HomeworkUITestsLaunchTests.swift in Sources */,
				2C3B46BF2C2F072E002D1870 /* HomeworkUITests.swift in Sources */,
			);
			runOnlyForDeploymentPostprocessing = 0;
		};
/* End PBXSourcesBuildPhase section */

/* Begin PBXTargetDependency section */
		2C3B46B22C2F072E002D1870 /* PBXTargetDependency */ = {
			isa = PBXTargetDependency;
			target = 2C3B469F2C2F072D002D1870 /* Homework */;
			targetProxy = 2C3B46B12C2F072E002D1870 /* PBXContainerItemProxy */;
		};
		2C3B46BC2C2F072E002D1870 /* PBXTargetDependency */ = {
			isa = PBXTargetDependency;
			target = 2C3B469F2C2F072D002D1870 /* Homework */;
			targetProxy = 2C3B46BB2C2F072E002D1870 /* PBXContainerItemProxy */;
		};
/* End PBXTargetDependency section */

/* Begin XCBuildConfiguration section */
		2C3B46C22C2F072E002D1870 /* Debug */ = {
			isa = XCBuildConfiguration;
			buildSettings = {
				ALWAYS_SEARCH_USER_PATHS = NO;
				ASSETCATALOG_COMPILER_GENERATE_SWIFT_ASSET_SYMBOL_EXTENSIONS = YES;
				CLANG_ANALYZER_NONNULL = YES;
				CLANG_ANALYZER_NUMBER_OBJECT_CONVERSION = YES_AGGRESSIVE;
				CLANG_CXX_LANGUAGE_STANDARD = "gnu++20";
				CLANG_ENABLE_MODULES = YES;
				CLANG_ENABLE_OBJC_ARC = YES;
				CLANG_ENABLE_OBJC_WEAK = YES;
				CLANG_WARN_BLOCK_CAPTURE_AUTORELEASING = YES;
				CLANG_WARN_BOOL_CONVERSION = YES;
				CLANG_WARN_COMMA = YES;
				CLANG_WARN_CONSTANT_CONVERSION = YES;
				CLANG_WARN_DEPRECATED_OBJC_IMPLEMENTATIONS = YES;
				CLANG_WARN_DIRECT_OBJC_ISA_USAGE = YES_ERROR;
				CLANG_WARN_DOCUMENTATION_COMMENTS = YES;
				CLANG_WARN_EMPTY_BODY = YES;
				CLANG_WARN_ENUM_CONVERSION = YES;
				CLANG_WARN_INFINITE_RECURSION = YES;
				CLANG_WARN_INT_CONVERSION = YES;
				CLANG_WARN_NON_LITERAL_NULL_CONVERSION = YES;
				CLANG_WARN_OBJC_IMPLICIT_RETAIN_SELF = YES;
				CLANG_WARN_OBJC_LITERAL_CONVERSION = YES;
				CLANG_WARN_OBJC_ROOT_CLASS = YES_ERROR;
				CLANG_WARN_QUOTED_INCLUDE_IN_FRAMEWORK_HEADER = YES;
				CLANG_WARN_RANGE_LOOP_ANALYSIS = YES;
				CLANG_WARN_STRICT_PROTOTYPES = YES;
				CLANG_WARN_SUSPICIOUS_MOVE = YES;
				CLANG_WARN_UNGUARDED_AVAILABILITY = YES_AGGRESSIVE;
				CLANG_WARN_UNREACHABLE_CODE = YES;
				CLANG_WARN__DUPLICATE_METHOD_MATCH = YES;
				COPY_PHASE_STRIP = NO;
				DEBUG_INFORMATION_FORMAT = dwarf;
				ENABLE_STRICT_OBJC_MSGSEND = YES;
				ENABLE_TESTABILITY = YES;
				ENABLE_USER_SCRIPT_SANDBOXING = YES;
				GCC_C_LANGUAGE_STANDARD = gnu17;
				GCC_DYNAMIC_NO_PIC = NO;
				GCC_NO_COMMON_BLOCKS = YES;
				GCC_OPTIMIZATION_LEVEL = 0;
				GCC_PREPROCESSOR_DEFINITIONS = (
					"DEBUG=1",
					"$(inherited)",
				);
				GCC_WARN_64_TO_32_BIT_CONVERSION = YES;
				GCC_WARN_ABOUT_RETURN_TYPE = YES_ERROR;
				GCC_WARN_UNDECLARED_SELECTOR = YES;
				GCC_WARN_UNINITIALIZED_AUTOS = YES_AGGRESSIVE;
				GCC_WARN_UNUSED_FUNCTION = YES;
				GCC_WARN_UNUSED_VARIABLE = YES;
				IPHONEOS_DEPLOYMENT_TARGET = 17.5;
				LOCALIZATION_PREFERS_STRING_CATALOGS = YES;
				MTL_ENABLE_DEBUG_INFO = INCLUDE_SOURCE;
				MTL_FAST_MATH = YES;
				ONLY_ACTIVE_ARCH = YES;
				SDKROOT = iphoneos;
				SWIFT_ACTIVE_COMPILATION_CONDITIONS = "DEBUG $(inherited)";
				SWIFT_OPTIMIZATION_LEVEL = "-Onone";
			};
			name = Debug;
		};
		2C3B46C32C2F072E002D1870 /* Release */ = {
			isa = XCBuildConfiguration;
			buildSettings = {
				ALWAYS_SEARCH_USER_PATHS = NO;
				ASSETCATALOG_COMPILER_GENERATE_SWIFT_ASSET_SYMBOL_EXTENSIONS = YES;
				CLANG_ANALYZER_NONNULL = YES;
				CLANG_ANALYZER_NUMBER_OBJECT_CONVERSION = YES_AGGRESSIVE;
				CLANG_CXX_LANGUAGE_STANDARD = "gnu++20";
				CLANG_ENABLE_MODULES = YES;
				CLANG_ENABLE_OBJC_ARC = YES;
				CLANG_ENABLE_OBJC_WEAK = YES;
				CLANG_WARN_BLOCK_CAPTURE_AUTORELEASING = YES;
				CLANG_WARN_BOOL_CONVERSION = YES;
				CLANG_WARN_COMMA = YES;
				CLANG_WARN_CONSTANT_CONVERSION = YES;
				CLANG_WARN_DEPRECATED_OBJC_IMPLEMENTATIONS = YES;
				CLANG_WARN_DIRECT_OBJC_ISA_USAGE = YES_ERROR;
				CLANG_WARN_DOCUMENTATION_COMMENTS = YES;
				CLANG_WARN_EMPTY_BODY = YES;
				CLANG_WARN_ENUM_CONVERSION = YES;
				CLANG_WARN_INFINITE_RECURSION = YES;
				CLANG_WARN_INT_CONVERSION = YES;
				CLANG_WARN_NON_LITERAL_NULL_CONVERSION = YES;
				CLANG_WARN_OBJC_IMPLICIT_RETAIN_SELF = YES;
				CLANG_WARN_OBJC_LITERAL_CONVERSION = YES;
				CLANG_WARN_OBJC_ROOT_CLASS = YES_ERROR;
				CLANG_WARN_QUOTED_INCLUDE_IN_FRAMEWORK_HEADER = YES;
				CLANG_WARN_RANGE_LOOP_ANALYSIS = YES;
				CLANG_WARN_STRICT_PROTOTYPES = YES;
				CLANG_WARN_SUSPICIOUS_MOVE = YES;
				CLANG_WARN_UNGUARDED_AVAILABILITY = YES_AGGRESSIVE;
				CLANG_WARN_UNREACHABLE_CODE = YES;
				CLANG_WARN__DUPLICATE_METHOD_MATCH = YES;
				COPY_PHASE_STRIP = NO;
				DEBUG_INFORMATION_FORMAT = "dwarf-with-dsym";
				ENABLE_NS_ASSERTIONS = NO;
				ENABLE_STRICT_OBJC_MSGSEND = YES;
				ENABLE_USER_SCRIPT_SANDBOXING = YES;
				GCC_C_LANGUAGE_STANDARD = gnu17;
				GCC_NO_COMMON_BLOCKS = YES;
				GCC_WARN_64_TO_32_BIT_CONVERSION = YES;
				GCC_WARN_ABOUT_RETURN_TYPE = YES_ERROR;
				GCC_WARN_UNDECLARED_SELECTOR = YES;
				GCC_WARN_UNINITIALIZED_AUTOS = YES_AGGRESSIVE;
				GCC_WARN_UNUSED_FUNCTION = YES;
				GCC_WARN_UNUSED_VARIABLE = YES;
				IPHONEOS_DEPLOYMENT_TARGET = 17.5;
				LOCALIZATION_PREFERS_STRING_CATALOGS = YES;
				MTL_ENABLE_DEBUG_INFO = NO;
				MTL_FAST_MATH = YES;
				SDKROOT = iphoneos;
				SWIFT_COMPILATION_MODE = wholemodule;
				VALIDATE_PRODUCT = YES;
			};
			name = Release;
		};
		2C3B46C52C2F072E002D1870 /* Debug */ = {
			isa = XCBuildConfiguration;
			buildSettings = {
				ASSETCATALOG_COMPILER_APPICON_NAME = AppIcon;
				ASSETCATALOG_COMPILER_GLOBAL_ACCENT_COLOR_NAME = AccentColor;
				CODE_SIGN_STYLE = Automatic;
				CURRENT_PROJECT_VERSION = 1;
				DEVELOPMENT_ASSET_PATHS = "\"Homework/Preview Content\"";
				DEVELOPMENT_TEAM = U4BQZ3AXAA;
				ENABLE_PREVIEWS = YES;
				GENERATE_INFOPLIST_FILE = YES;
				INFOPLIST_KEY_UIApplicationSceneManifest_Generation = YES;
				INFOPLIST_KEY_UIApplicationSupportsIndirectInputEvents = YES;
				INFOPLIST_KEY_UILaunchScreen_Generation = YES;
				INFOPLIST_KEY_UISupportedInterfaceOrientations_iPad = "UIInterfaceOrientationPortrait UIInterfaceOrientationPortraitUpsideDown UIInterfaceOrientationLandscapeLeft UIInterfaceOrientationLandscapeRight";
				INFOPLIST_KEY_UISupportedInterfaceOrientations_iPhone = "UIInterfaceOrientationPortrait UIInterfaceOrientationLandscapeLeft UIInterfaceOrientationLandscapeRight";
				LD_RUNPATH_SEARCH_PATHS = (
					"$(inherited)",
					"@executable_path/Frameworks",
				);
				MARKETING_VERSION = 1.0;
				PRODUCT_BUNDLE_IDENTIFIER = "com.iOS-Study.com.Homework";
				PRODUCT_NAME = "$(TARGET_NAME)";
				SWIFT_EMIT_LOC_STRINGS = YES;
				SWIFT_VERSION = 5.0;
				TARGETED_DEVICE_FAMILY = "1,2";
			};
			name = Debug;
		};
		2C3B46C62C2F072E002D1870 /* Release */ = {
			isa = XCBuildConfiguration;
			buildSettings = {
				ASSETCATALOG_COMPILER_APPICON_NAME = AppIcon;
				ASSETCATALOG_COMPILER_GLOBAL_ACCENT_COLOR_NAME = AccentColor;
				CODE_SIGN_STYLE = Automatic;
				CURRENT_PROJECT_VERSION = 1;
				DEVELOPMENT_ASSET_PATHS = "\"Homework/Preview Content\"";
				DEVELOPMENT_TEAM = U4BQZ3AXAA;
				ENABLE_PREVIEWS = YES;
				GENERATE_INFOPLIST_FILE = YES;
				INFOPLIST_KEY_UIApplicationSceneManifest_Generation = YES;
				INFOPLIST_KEY_UIApplicationSupportsIndirectInputEvents = YES;
				INFOPLIST_KEY_UILaunchScreen_Generation = YES;
				INFOPLIST_KEY_UISupportedInterfaceOrientations_iPad = "UIInterfaceOrientationPortrait UIInterfaceOrientationPortraitUpsideDown UIInterfaceOrientationLandscapeLeft UIInterfaceOrientationLandscapeRight";
				INFOPLIST_KEY_UISupportedInterfaceOrientations_iPhone = "UIInterfaceOrientationPortrait UIInterfaceOrientationLandscapeLeft UIInterfaceOrientationLandscapeRight";
				LD_RUNPATH_SEARCH_PATHS = (
					"$(inherited)",
					"@executable_path/Frameworks",
				);
				MARKETING_VERSION = 1.0;
				PRODUCT_BUNDLE_IDENTIFIER = "com.iOS-Study.com.Homework";
				PRODUCT_NAME = "$(TARGET_NAME)";
				SWIFT_EMIT_LOC_STRINGS = YES;
				SWIFT_VERSION = 5.0;
				TARGETED_DEVICE_FAMILY = "1,2";
			};
			name = Release;
		};
		2C3B46C82C2F072E002D1870 /* Debug */ = {
			isa = XCBuildConfiguration;
			buildSettings = {
				ALWAYS_EMBED_SWIFT_STANDARD_LIBRARIES = YES;
				BUNDLE_LOADER = "$(TEST_HOST)";
				CODE_SIGN_STYLE = Automatic;
				CURRENT_PROJECT_VERSION = 1;
				DEVELOPMENT_TEAM = U4BQZ3AXAA;
				GENERATE_INFOPLIST_FILE = YES;
				IPHONEOS_DEPLOYMENT_TARGET = 17.5;
				MARKETING_VERSION = 1.0;
				PRODUCT_BUNDLE_IDENTIFIER = "com.iOS-Study.com.HomeworkTests";
				PRODUCT_NAME = "$(TARGET_NAME)";
				SWIFT_EMIT_LOC_STRINGS = NO;
				SWIFT_VERSION = 5.0;
				TARGETED_DEVICE_FAMILY = "1,2";
				TEST_HOST = "$(BUILT_PRODUCTS_DIR)/Homework.app/$(BUNDLE_EXECUTABLE_FOLDER_PATH)/Homework";
			};
			name = Debug;
		};
		2C3B46C92C2F072E002D1870 /* Release */ = {
			isa = XCBuildConfiguration;
			buildSettings = {
				ALWAYS_EMBED_SWIFT_STANDARD_LIBRARIES = YES;
				BUNDLE_LOADER = "$(TEST_HOST)";
				CODE_SIGN_STYLE = Automatic;
				CURRENT_PROJECT_VERSION = 1;
				DEVELOPMENT_TEAM = U4BQZ3AXAA;
				GENERATE_INFOPLIST_FILE = YES;
				IPHONEOS_DEPLOYMENT_TARGET = 17.5;
				MARKETING_VERSION = 1.0;
				PRODUCT_BUNDLE_IDENTIFIER = "com.iOS-Study.com.HomeworkTests";
				PRODUCT_NAME = "$(TARGET_NAME)";
				SWIFT_EMIT_LOC_STRINGS = NO;
				SWIFT_VERSION = 5.0;
				TARGETED_DEVICE_FAMILY = "1,2";
				TEST_HOST = "$(BUILT_PRODUCTS_DIR)/Homework.app/$(BUNDLE_EXECUTABLE_FOLDER_PATH)/Homework";
			};
			name = Release;
		};
		2C3B46CB2C2F072E002D1870 /* Debug */ = {
			isa = XCBuildConfiguration;
			buildSettings = {
				ALWAYS_EMBED_SWIFT_STANDARD_LIBRARIES = YES;
				CODE_SIGN_STYLE = Automatic;
				CURRENT_PROJECT_VERSION = 1;
				DEVELOPMENT_TEAM = U4BQZ3AXAA;
				GENERATE_INFOPLIST_FILE = YES;
				MARKETING_VERSION = 1.0;
				PRODUCT_BUNDLE_IDENTIFIER = "com.iOS-Study.com.HomeworkUITests";
				PRODUCT_NAME = "$(TARGET_NAME)";
				SWIFT_EMIT_LOC_STRINGS = NO;
				SWIFT_VERSION = 5.0;
				TARGETED_DEVICE_FAMILY = "1,2";
				TEST_TARGET_NAME = Homework;
			};
			name = Debug;
		};
		2C3B46CC2C2F072E002D1870 /* Release */ = {
			isa = XCBuildConfiguration;
			buildSettings = {
				ALWAYS_EMBED_SWIFT_STANDARD_LIBRARIES = YES;
				CODE_SIGN_STYLE = Automatic;
				CURRENT_PROJECT_VERSION = 1;
				DEVELOPMENT_TEAM = U4BQZ3AXAA;
				GENERATE_INFOPLIST_FILE = YES;
				MARKETING_VERSION = 1.0;
				PRODUCT_BUNDLE_IDENTIFIER = "com.iOS-Study.com.HomeworkUITests";
				PRODUCT_NAME = "$(TARGET_NAME)";
				SWIFT_EMIT_LOC_STRINGS = NO;
				SWIFT_VERSION = 5.0;
				TARGETED_DEVICE_FAMILY = "1,2";
				TEST_TARGET_NAME = Homework;
			};
			name = Release;
		};
/* End XCBuildConfiguration section */

/* Begin XCConfigurationList section */
		2C3B469B2C2F072D002D1870 /* Build configuration list for PBXProject "Homework" */ = {
			isa = XCConfigurationList;
			buildConfigurations = (
				2C3B46C22C2F072E002D1870 /* Debug */,
				2C3B46C32C2F072E002D1870 /* Release */,
			);
			defaultConfigurationIsVisible = 0;
			defaultConfigurationName = Release;
		};
		2C3B46C42C2F072E002D1870 /* Build configuration list for PBXNativeTarget "Homework" */ = {
			isa = XCConfigurationList;
			buildConfigurations = (
				2C3B46C52C2F072E002D1870 /* Debug */,
				2C3B46C62C2F072E002D1870 /* Release */,
			);
			defaultConfigurationIsVisible = 0;
			defaultConfigurationName = Release;
		};
		2C3B46C72C2F072E002D1870 /* Build configuration list for PBXNativeTarget "HomeworkTests" */ = {
			isa = XCConfigurationList;
			buildConfigurations = (
				2C3B46C82C2F072E002D1870 /* Debug */,
				2C3B46C92C2F072E002D1870 /* Release */,
			);
			defaultConfigurationIsVisible = 0;
			defaultConfigurationName = Release;
		};
		2C3B46CA2C2F072E002D1870 /* Build configuration list for PBXNativeTarget "HomeworkUITests" */ = {
			isa = XCConfigurationList;
			buildConfigurations = (
				2C3B46CB2C2F072E002D1870 /* Debug */,
				2C3B46CC2C2F072E002D1870 /* Release */,
			);
			defaultConfigurationIsVisible = 0;
			defaultConfigurationName = Release;
		};
/* End XCConfigurationList section */
	};
	rootObject = 2C3B46982C2F072D002D1870 /* Project object */;
}
